
Microsoft Visual Studio Solution File, Format Version 12.00
# Visual Studio 15
VisualStudioVersion = 15.0.28307.421
MinimumVisualStudioVersion = 10.0.40219.1
Project("{FAE04EC0-301F-11D3-BF4B-00C04F79EFBC}") = "laboratorio10.Android", "laboratorio10\laboratorio10.Android\laboratorio10.Android.csproj", "{EF26294A-C981-417B-A367-727CAEFB41E0}"
EndProject
Project("{FAE04EC0-301F-11D3-BF4B-00C04F79EFBC}") = "laboratorio10.iOS", "laboratorio10\laboratorio10.iOS\laboratorio10.iOS.csproj", "{242836FB-C9F6-4E00-BCCE-8CBF64C98394}"
EndProject
Project("{FAE04EC0-301F-11D3-BF4B-00C04F79EFBC}") = "laboratorio10", "laboratorio10\laboratorio10\laboratorio10.csproj", "{485DD6EA-3C47-4347-BAC5-9A59F54274D8}"
EndProject
Global
	GlobalSection(SolutionConfigurationPlatforms) = preSolution
		Ad-Hoc|Any CPU = Ad-Hoc|Any CPU
		Ad-Hoc|iPhone = Ad-Hoc|iPhone
		Ad-Hoc|iPhoneSimulator = Ad-Hoc|iPhoneSimulator
		AppStore|Any CPU = AppStore|Any CPU
		AppStore|iPhone = AppStore|iPhone
		AppStore|iPhoneSimulator = AppStore|iPhoneSimulator
		Debug|Any CPU = Debug|Any CPU
		Debug|iPhone = Debug|iPhone
		Debug|iPhoneSimulator = Debug|iPhoneSimulator
		Release|Any CPU = Release|Any CPU
		Release|iPhone = Release|iPhone
		Release|iPhoneSimulator = Release|iPhoneSimulator
	EndGlobalSection
	GlobalSection(ProjectConfigurationPlatforms) = postSolution
		{EF26294A-C981-417B-A367-727CAEFB41E0}.Ad-Hoc|Any CPU.ActiveCfg = Release|Any CPU
		{EF26294A-C981-417B-A367-727CAEFB41E0}.Ad-Hoc|Any CPU.Build.0 = Release|Any CPU
		{EF26294A-C981-417B-A367-727CAEFB41E0}.Ad-Hoc|Any CPU.Deploy.0 = Release|Any CPU
		{EF26294A-C981-417B-A367-727CAEFB41E0}.Ad-Hoc|iPhone.ActiveCfg = Release|Any CPU
		{EF26294A-C981-417B-A367-727CAEFB41E0}.Ad-Hoc|iPhone.Build.0 = Release|Any CPU
		{EF26294A-C981-417B-A367-727CAEFB41E0}.Ad-Hoc|iPhone.Deploy.0 = Release|Any CPU
		{EF26294A-C981-417B-A367-727CAEFB41E0}.Ad-Hoc|iPhoneSimulator.ActiveCfg = Release|Any CPU
		{EF26294A-C981-417B-A367-727CAEFB41E0}.Ad-Hoc|iPhoneSimulator.Build.0 = Release|Any CPU
		{EF26294A-C981-417B-A367-727CAEFB41E0}.Ad-Hoc|iPhoneSimulator.Deploy.0 = Release|Any CPU
		{EF26294A-C981-417B-A367-727CAEFB41E0}.AppStore|Any CPU.ActiveCfg = Release|Any CPU
		{EF26294A-C981-417B-A367-727CAEFB41E0}.AppStore|Any CPU.Build.0 = Release|Any CPU
		{EF26294A-C981-417B-A367-727CAEFB41E0}.AppStore|Any CPU.Deploy.0 = Release|Any CPU
		{EF26294A-C981-417B-A367-727CAEFB41E0}.AppStore|iPhone.ActiveCfg = Release|Any CPU
		{EF26294A-C981-417B-A367-727CAEFB41E0}.AppStore|iPhone.Build.0 = Release|Any CPU
		{EF26294A-C981-417B-A367-727CAEFB41E0}.AppStore|iPhone.Deploy.0 = Release|Any CPU
		{EF26294A-C981-417B-A367-727CAEFB41E0}.AppStore|iPhoneSimulator.ActiveCfg = Release|Any CPU
		{EF26294A-C981-417B-A367-727CAEFB41E0}.AppStore|iPhoneSimulator.Build.0 = Release|Any CPU
		{EF26294A-C981-417B-A367-727CAEFB41E0}.AppStore|iPhoneSimulator.Deploy.0 = Release|Any CPU
		{EF26294A-C981-417B-A367-727CAEFB41E0}.Debug|Any CPU.ActiveCfg = Debug|Any CPU
		{EF26294A-C981-417B-A367-727CAEFB41E0}.Debug|Any CPU.Build.0 = Debug|Any CPU
		{EF26294A-C981-417B-A367-727CAEFB41E0}.Debug|Any CPU.Deploy.0 = Debug|Any CPU
		{EF26294A-C981-417B-A367-727CAEFB41E0}.Debug|iPhone.ActiveCfg = Debug|Any CPU
		{EF26294A-C981-417B-A367-727CAEFB41E0}.Debug|iPhone.Build.0 = Debug|Any CPU
		{EF26294A-C981-417B-A367-727CAEFB41E0}.Debug|iPhone.Deploy.0 = Debug|Any CPU
		{EF26294A-C981-417B-A367-727CAEFB41E0}.Debug|iPhoneSimulator.ActiveCfg = Debug|Any CPU
		{EF26294A-C981-417B-A367-727CAEFB41E0}.Debug|iPhoneSimulator.Build.0 = Debug|Any CPU
		{EF26294A-C981-417B-A367-727CAEFB41E0}.Debug|iPhoneSimulator.Deploy.0 = Debug|Any CPU
		{EF26294A-C981-417B-A367-727CAEFB41E0}.Release|Any CPU.ActiveCfg = Release|Any CPU
		{EF26294A-C981-417B-A367-727CAEFB41E0}.Release|Any CPU.Build.0 = Release|Any CPU
		{EF26294A-C981-417B-A367-727CAEFB41E0}.Release|Any CPU.Deploy.0 = Release|Any CPU
		{EF26294A-C981-417B-A367-727CAEFB41E0}.Release|iPhone.ActiveCfg = Release|Any CPU
		{EF26294A-C981-417B-A367-727CAEFB41E0}.Release|iPhone.Build.0 = Release|Any CPU
		{EF26294A-C981-417B-A367-727CAEFB41E0}.Release|iPhone.Deploy.0 = Release|Any CPU
		{EF26294A-C981-417B-A367-727CAEFB41E0}.Release|iPhoneSimulator.ActiveCfg = Release|Any CPU
		{EF26294A-C981-417B-A367-727CAEFB41E0}.Release|iPhoneSimulator.Build.0 = Release|Any CPU
		{EF26294A-C981-417B-A367-727CAEFB41E0}.Release|iPhoneSimulator.Deploy.0 = Release|Any CPU
		{242836FB-C9F6-4E00-BCCE-8CBF64C98394}.Ad-Hoc|Any CPU.ActiveCfg = Ad-Hoc|iPhone
		{242836FB-C9F6-4E00-BCCE-8CBF64C98394}.Ad-Hoc|Any CPU.Build.0 = Ad-Hoc|iPhone
		{242836FB-C9F6-4E00-BCCE-8CBF64C98394}.Ad-Hoc|Any CPU.Deploy.0 = Ad-Hoc|iPhone
		{242836FB-C9F6-4E00-BCCE-8CBF64C98394}.Ad-Hoc|iPhone.ActiveCfg = Ad-Hoc|iPhone
		{242836FB-C9F6-4E00-BCCE-8CBF64C98394}.Ad-Hoc|iPhone.Build.0 = Ad-Hoc|iPhone
		{242836FB-C9F6-4E00-BCCE-8CBF64C98394}.Ad-Hoc|iPhone.Deploy.0 = Ad-Hoc|iPhone
		{242836FB-C9F6-4E00-BCCE-8CBF64C98394}.Ad-Hoc|iPhoneSimulator.ActiveCfg = Ad-Hoc|iPhoneSimulator
		{242836FB-C9F6-4E00-BCCE-8CBF64C98394}.Ad-Hoc|iPhoneSimulator.Build.0 = Ad-Hoc|iPhoneSimulator
		{242836FB-C9F6-4E00-BCCE-8CBF64C98394}.Ad-Hoc|iPhoneSimulator.Deploy.0 = Ad-Hoc|iPhoneSimulator
		{242836FB-C9F6-4E00-BCCE-8CBF64C98394}.AppStore|Any CPU.ActiveCfg = AppStore|iPhone
		{242836FB-C9F6-4E00-BCCE-8CBF64C98394}.AppStore|Any CPU.Build.0 = AppStore|iPhone
		{242836FB-C9F6-4E00-BCCE-8CBF64C98394}.AppStore|Any CPU.Deploy.0 = AppStore|iPhone
		{242836FB-C9F6-4E00-BCCE-8CBF64C98394}.AppStore|iPhone.ActiveCfg = AppStore|iPhone
		{242836FB-C9F6-4E00-BCCE-8CBF64C98394}.AppStore|iPhone.Build.0 = AppStore|iPhone
		{242836FB-C9F6-4E00-BCCE-8CBF64C98394}.AppStore|iPhone.Deploy.0 = AppStore|iPhone
		{242836FB-C9F6-4E00-BCCE-8CBF64C98394}.AppStore|iPhoneSimulator.ActiveCfg = AppStore|iPhoneSimulator
		{242836FB-C9F6-4E00-BCCE-8CBF64C98394}.AppStore|iPhoneSimulator.Build.0 = AppStore|iPhoneSimulator
		{242836FB-C9F6-4E00-BCCE-8CBF64C98394}.AppStore|iPhoneSimulator.Deploy.0 = AppStore|iPhoneSimulator
		{242836FB-C9F6-4E00-BCCE-8CBF64C98394}.Debug|Any CPU.ActiveCfg = Debug|iPhoneSimulator
		{242836FB-C9F6-4E00-BCCE-8CBF64C98394}.Debug|Any CPU.Build.0 = Debug|iPhoneSimulator
		{242836FB-C9F6-4E00-BCCE-8CBF64C98394}.Debug|Any CPU.Deploy.0 = Debug|iPhoneSimulator
		{242836FB-C9F6-4E00-BCCE-8CBF64C98394}.Debug|iPhone.ActiveCfg = Debug|iPhone
		{242836FB-C9F6-4E00-BCCE-8CBF64C98394}.Debug|iPhone.Build.0 = Debug|iPhone
		{242836FB-C9F6-4E00-BCCE-8CBF64C98394}.Debug|iPhone.Deploy.0 = Debug|iPhone
		{242836FB-C9F6-4E00-BCCE-8CBF64C98394}.Debug|iPhoneSimulator.ActiveCfg = Debug|iPhoneSimulator
		{242836FB-C9F6-4E00-BCCE-8CBF64C98394}.Debug|iPhoneSimulator.Build.0 = Debug|iPhoneSimulator
		{242836FB-C9F6-4E00-BCCE-8CBF64C98394}.Debug|iPhoneSimulator.Deploy.0 = Debug|iPhoneSimulator
		{242836FB-C9F6-4E00-BCCE-8CBF64C98394}.Release|Any CPU.ActiveCfg = Release|iPhone
		{242836FB-C9F6-4E00-BCCE-8CBF64C98394}.Release|Any CPU.Build.0 = Release|iPhone
		{242836FB-C9F6-4E00-BCCE-8CBF64C98394}.Release|Any CPU.Deploy.0 = Release|iPhone
		{242836FB-C9F6-4E00-BCCE-8CBF64C98394}.Release|iPhone.ActiveCfg = Release|iPhone
		{242836FB-C9F6-4E00-BCCE-8CBF64C98394}.Release|iPhone.Build.0 = Release|iPhone
		{242836FB-C9F6-4E00-BCCE-8CBF64C98394}.Release|iPhone.Deploy.0 = Release|iPhone
		{242836FB-C9F6-4E00-BCCE-8CBF64C98394}.Release|iPhoneSimulator.ActiveCfg = Release|iPhoneSimulator
		{242836FB-C9F6-4E00-BCCE-8CBF64C98394}.Release|iPhoneSimulator.Build.0 = Release|iPhoneSimulator
		{242836FB-C9F6-4E00-BCCE-8CBF64C98394}.Release|iPhoneSimulator.Deploy.0 = Release|iPhoneSimulator
		{485DD6EA-3C47-4347-BAC5-9A59F54274D8}.Ad-Hoc|Any CPU.ActiveCfg = Debug|Any CPU
		{485DD6EA-3C47-4347-BAC5-9A59F54274D8}.Ad-Hoc|Any CPU.Build.0 = Debug|Any CPU
		{485DD6EA-3C47-4347-BAC5-9A59F54274D8}.Ad-Hoc|Any CPU.Deploy.0 = Debug|Any CPU
		{485DD6EA-3C47-4347-BAC5-9A59F54274D8}.Ad-Hoc|iPhone.ActiveCfg = Debug|Any CPU
		{485DD6EA-3C47-4347-BAC5-9A59F54274D8}.Ad-Hoc|iPhone.Build.0 = Debug|Any CPU
		{485DD6EA-3C47-4347-BAC5-9A59F54274D8}.Ad-Hoc|iPhone.Deploy.0 = Debug|Any CPU
		{485DD6EA-3C47-4347-BAC5-9A59F54274D8}.Ad-Hoc|iPhoneSimulator.ActiveCfg = Debug|Any CPU
		{485DD6EA-3C47-4347-BAC5-9A59F54274D8}.Ad-Hoc|iPhoneSimulator.Build.0 = Debug|Any CPU
		{485DD6EA-3C47-4347-BAC5-9A59F54274D8}.Ad-Hoc|iPhoneSimulator.Deploy.0 = Debug|Any CPU
		{485DD6EA-3C47-4347-BAC5-9A59F54274D8}.AppStore|Any CPU.ActiveCfg = Debug|Any CPU
		{485DD6EA-3C47-4347-BAC5-9A59F54274D8}.AppStore|Any CPU.Build.0 = Debug|Any CPU
		{485DD6EA-3C47-4347-BAC5-9A59F54274D8}.AppStore|Any CPU.Deploy.0 = Debug|Any CPU
		{485DD6EA-3C47-4347-BAC5-9A59F54274D8}.AppStore|iPhone.ActiveCfg = Debug|Any CPU
		{485DD6EA-3C47-4347-BAC5-9A59F54274D8}.AppStore|iPhone.Build.0 = Debug|Any CPU
		{485DD6EA-3C47-4347-BAC5-9A59F54274D8}.AppStore|iPhone.Deploy.0 = Debug|Any CPU
		{485DD6EA-3C47-4347-BAC5-9A59F54274D8}.AppStore|iPhoneSimulator.ActiveCfg = Debug|Any CPU
		{485DD6EA-3C47-4347-BAC5-9A59F54274D8}.AppStore|iPhoneSimulator.Build.0 = Debug|Any CPU
		{485DD6EA-3C47-4347-BAC5-9A59F54274D8}.AppStore|iPhoneSimulator.Deploy.0 = Debug|Any CPU
		{485DD6EA-3C47-4347-BAC5-9A59F54274D8}.Debug|Any CPU.ActiveCfg = Debug|Any CPU
		{485DD6EA-3C47-4347-BAC5-9A59F54274D8}.Debug|Any CPU.Build.0 = Debug|Any CPU
		{485DD6EA-3C47-4347-BAC5-9A59F54274D8}.Debug|Any CPU.Deploy.0 = Debug|Any CPU
		{485DD6EA-3C47-4347-BAC5-9A59F54274D8}.Debug|iPhone.ActiveCfg = Debug|Any CPU
		{485DD6EA-3C47-4347-BAC5-9A59F54274D8}.Debug|iPhone.Build.0 = Debug|Any CPU
		{485DD6EA-3C47-4347-BAC5-9A59F54274D8}.Debug|iPhone.Deploy.0 = Debug|Any CPU
		{485DD6EA-3C47-4347-BAC5-9A59F54274D8}.Debug|iPhoneSimulator.ActiveCfg = Debug|Any CPU
		{485DD6EA-3C47-4347-BAC5-9A59F54274D8}.Debug|iPhoneSimulator.Build.0 = Debug|Any CPU
		{485DD6EA-3C47-4347-BAC5-9A59F54274D8}.Debug|iPhoneSimulator.Deploy.0 = Debug|Any CPU
		{485DD6EA-3C47-4347-BAC5-9A59F54274D8}.Release|Any CPU.ActiveCfg = Release|Any CPU
		{485DD6EA-3C47-4347-BAC5-9A59F54274D8}.Release|Any CPU.Build.0 = Release|Any CPU
		{485DD6EA-3C47-4347-BAC5-9A59F54274D8}.Release|Any CPU.Deploy.0 = Release|Any CPU
		{485DD6EA-3C47-4347-BAC5-9A59F54274D8}.Release|iPhone.ActiveCfg = Release|Any CPU
		{485DD6EA-3C47-4347-BAC5-9A59F54274D8}.Release|iPhone.Build.0 = Release|Any CPU
		{485DD6EA-3C47-4347-BAC5-9A59F54274D8}.Release|iPhone.Deploy.0 = Release|Any CPU
		{485DD6EA-3C47-4347-BAC5-9A59F54274D8}.Release|iPhoneSimulator.ActiveCfg = Release|Any CPU
		{485DD6EA-3C47-4347-BAC5-9A59F54274D8}.Release|iPhoneSimulator.Build.0 = Release|Any CPU
		{485DD6EA-3C47-4347-BAC5-9A59F54274D8}.Release|iPhoneSimulator.Deploy.0 = Release|Any CPU
	EndGlobalSection
	GlobalSection(SolutionProperties) = preSolution
		HideSolutionNode = FALSE
	EndGlobalSection
	GlobalSection(ExtensibilityGlobals) = postSolution
		SolutionGuid = {A8E123F1-EBFD-4650-A67D-D137E20F4185}
	EndGlobalSection
EndGlobal
